
Microsoft Visual Studio Solution File, Format Version 12.00
# Visual Studio Version 17
VisualStudioVersion = 17.2.32630.192
MinimumVisualStudioVersion = 10.0.40219.1
Project("{FAE04EC0-301F-11D3-BF4B-00C04F79EFBC}") = "AES_SC_Encrypter", "WinMalDev\C#\AES_SC_Encrypter\AES_SC_Encrypter.csproj", "{1192E99A-56C6-47E9-AD23-2A575CB21C7C}"
EndProject
Project("{FAE04EC0-301F-11D3-BF4B-00C04F79EFBC}") = "AES_SCRunner", "WinMalDev\C#\AES_SCRunner\AES_SCRunner.csproj", "{6620CFC8-3037-427A-96DB-FC220D2DC1E9}"
EndProject
Project("{FAE04EC0-301F-11D3-BF4B-00C04F79EFBC}") = "EnumSystemCodePagesA_SC_Runner", "WinMalDev\C#\EnumSystemCodePagesA_SC_Runner\EnumSystemCodePagesA_SC_Runner.csproj", "{67ED8F5F-62BC-4FA3-B6D1-00B5A29C9DA3}"
EndProject
Project("{FAE04EC0-301F-11D3-BF4B-00C04F79EFBC}") = "HeapAlloc_scRunner", "WinMalDev\C#\HeapAlloc_scRunner\HeapAlloc_scRunner.csproj", "{59B82577-FE4E-4EFF-B54F-6F202D84A8C0}"
EndProject
Project("{FAE04EC0-301F-11D3-BF4B-00C04F79EFBC}") = "Minidump", "WinMalDev\C#\Minidump\Minidump\Minidump.csproj", "{538504F6-5F8E-4DE7-B5C8-DEBD8E285FB1}"
EndProject
Project("{FAE04EC0-301F-11D3-BF4B-00C04F79EFBC}") = "NT_ProcessInjection", "WinMalDev\C#\NT_ProcessInjection\NT_ProcessInjection.csproj", "{F24791AA-7E1B-4BF8-A924-21889FD3A61B}"
EndProject
Project("{FAE04EC0-301F-11D3-BF4B-00C04F79EFBC}") = "NT_ShellcodeRunner", "WinMalDev\C#\NT_ShellcodeRunner\NT_ShellcodeRunner.csproj", "{59AD52EA-9C04-4F3E-9128-1AF62E82EAD9}"
EndProject
Project("{FAE04EC0-301F-11D3-BF4B-00C04F79EFBC}") = "PS_Inject", "WinMalDev\C#\PS_Inject\PS_Inject.csproj", "{BC6188B5-A382-4DDB-B0C9-4854905D7C7F}"
EndProject
Project("{FAE04EC0-301F-11D3-BF4B-00C04F79EFBC}") = "SC_UUID_Runner", "WinMalDev\C#\SC_UUID_Runner\SC_UUID_Runner.csproj", "{110C5CB7-D375-4C12-9852-C2786DE1DBCA}"
EndProject
Project("{FAE04EC0-301F-11D3-BF4B-00C04F79EFBC}") = "ShellcodeBuilder_Caesar", "WinMalDev\C#\ShellcodeBuilder_Caesar\ShellcodeBuilder_Caesar.csproj", "{50B568D7-3CDA-4586-8BC8-8F4047C726E5}"
EndProject
Project("{FAE04EC0-301F-11D3-BF4B-00C04F79EFBC}") = "ShellcodeBuilder_VBA_Caesar", "WinMalDev\C#\ShellcodeBuilder_VBA_Caesar\ShellcodeBuilder_VBA_Caesar.csproj", "{00D1AD9C-F443-4FF1-B2BF-ACB805F39F7F}"
EndProject
Project("{2150E333-8FDC-42A3-9474-1A3956D46DE8}") = "DInvoke", "DInvoke", "{E8C56374-D78D-4831-8929-2A10C46C2FE2}"
EndProject
Project("{FAE04EC0-301F-11D3-BF4B-00C04F79EFBC}") = "DInvoke_EarlyBird", "WinMalDev\C#\DInvoke\DInvoke_EarlyBird\DInvoke_EarlyBird.csproj", "{65DD3952-3835-42D3-A6DE-91D811E64F57}"
EndProject
Project("{FAE04EC0-301F-11D3-BF4B-00C04F79EFBC}") = "DInvoke_ProcessInjection", "WinMalDev\C#\DInvoke\DInvoke_ProcessInjection\DInvoke_ProcessInjection.csproj", "{59E7BC8E-7AC5-4393-AE49-4A4AF40ED1A5}"
EndProject
Project("{FAE04EC0-301F-11D3-BF4B-00C04F79EFBC}") = "DInvoke_VirtualAlloc", "WinMalDev\C#\DInvoke\DInvoke_VirtualAlloc\DInvoke_VirtualAlloc.csproj", "{D6B0330C-55EF-4EE1-B698-2A5177947E9B}"
EndProject
Project("{2150E333-8FDC-42A3-9474-1A3956D46DE8}") = "C_Sharp", "C_Sharp", "{B1CDF717-CE5C-4AF3-AF31-ABEACF47911F}"
EndProject
Project("{2150E333-8FDC-42A3-9474-1A3956D46DE8}") = "C", "C", "{773D1BB9-7CFB-4118-BC83-F2E17B57442A}"
EndProject
Project("{8BC9CEB8-8B4A-11D0-8D11-00A0C91BC942}") = "AES_Process_Injection", "WinMalDev\C\AES_Process_Injection\AES_Process_Injection.vcxproj", "{928E5184-E97B-4893-9D1D-AD889D1A8E03}"
EndProject
Project("{8BC9CEB8-8B4A-11D0-8D11-00A0C91BC942}") = "APC_Injection", "WinMalDev\C\APC_Injection\APC_Injection.vcxproj", "{8542304C-3B7C-4AE6-841C-7C8FF24FC4CA}"
EndProject
Project("{8BC9CEB8-8B4A-11D0-8D11-00A0C91BC942}") = "Caesar_Encrypter", "WinMalDev\C\Caesar_Encrypter\Caesar_Encrypter.vcxproj", "{936873FC-184B-4C39-941D-7EE98F4859CB}"
EndProject
Project("{8BC9CEB8-8B4A-11D0-8D11-00A0C91BC942}") = "CreateThreadPool", "WinMalDev\C\CreateThreadPool\CreateThreadPool.vcxproj", "{D58E2742-7EF6-4C79-AFB8-81DF05967DB7}"
EndProject
Project("{8BC9CEB8-8B4A-11D0-8D11-00A0C91BC942}") = "EarlyBird", "WinMalDev\C\EarlyBird\EarlyBird.vcxproj", "{59FCEDE2-D849-4177-943F-76A36C7F0518}"
EndProject
Project("{8BC9CEB8-8B4A-11D0-8D11-00A0C91BC942}") = "FunctionCast", "WinMalDev\C\FunctionCast\FunctionCast.vcxproj", "{95B37E2F-6894-4A1A-AA31-449F23B85CF8}"
EndProject
Project("{8BC9CEB8-8B4A-11D0-8D11-00A0C91BC942}") = "HeapAlloc_ShellCRunner", "WinMalDev\C\HeapAlloc_ShellCRunner\HeapAlloc_ShellCRunner.vcxproj", "{D2582DB2-6111-47EC-A6C5-1DEF3F35E19A}"
EndProject
Project("{8BC9CEB8-8B4A-11D0-8D11-00A0C91BC942}") = "Heaven's_Gate", "WinMalDev\C\Heaven's_Gate\Heaven's_Gate.vcxproj", "{A85AEA45-8265-4427-8C70-A3A04554F6B5}"
EndProject
Project("{8BC9CEB8-8B4A-11D0-8D11-00A0C91BC942}") = "MapViewSection_Injection", "WinMalDev\C\MapViewSection_Injection\MapViewSection_Injection.vcxproj", "{5981A0F7-D86D-4EF4-83C0-CD4493ECECFE}"
EndProject
Project("{8BC9CEB8-8B4A-11D0-8D11-00A0C91BC942}") = "minidump", "WinMalDev\C\minidump\minidump.vcxproj", "{C8FDB2B8-8A25-4D24-B419-6608EAE8D34A}"
EndProject
Project("{8BC9CEB8-8B4A-11D0-8D11-00A0C91BC942}") = "Process_Ninjection", "WinMalDev\C\Process_Ninjection\Process_Ninjection.vcxproj", "{1F6CCF61-8177-4E19-B5E4-1B1BF5EEDD86}"
EndProject
Project("{2150E333-8FDC-42A3-9474-1A3956D46DE8}") = "ReflectiveDLLInjection", "ReflectiveDLLInjection", "{D007A348-0909-4F04-BA6D-57C5182F18FF}"
EndProject
Project("{2150E333-8FDC-42A3-9474-1A3956D46DE8}") = "ReflectiveLoader", "ReflectiveLoader", "{3C61202D-9C89-4786-8D19-C8B2B33FC08F}"
EndProject
Project("{2150E333-8FDC-42A3-9474-1A3956D46DE8}") = "ReflectiveDLL", "ReflectiveDLL", "{4B10ED55-DE99-4C9E-B32E-F81767D7F1D0}"
EndProject
Project("{8BC9CEB8-8B4A-11D0-8D11-00A0C91BC942}") = "ReflectiveLoader_DLL", "WinMalDev\C\Reflective_DLLs\ReflectiveLoader_DLL\ReflectiveLoader_DLL.vcxproj", "{5CADA47F-F11A-4118-8FD7-B8FB5A9379AB}"
EndProject
Project("{8BC9CEB8-8B4A-11D0-8D11-00A0C91BC942}") = "ReflectiveLoader", "WinMalDev\C\Reflective_DLLs\ReflectiveLoader\ReflectiveLoader.vcxproj", "{485D2C53-42F0-4CE1-81C8-C2F1715F12E4}"
EndProject
Project("{8BC9CEB8-8B4A-11D0-8D11-00A0C91BC942}") = "SC_CreateFiber", "WinMalDev\C\SC_CreateFiber\SC_CreateFiber.vcxproj", "{F7BEB9B0-EC1D-4846-8A29-D3938177108E}"
EndProject
Project("{8BC9CEB8-8B4A-11D0-8D11-00A0C91BC942}") = "Shellcode_Launcher", "WinMalDev\C\Shellcode_Launcher\Shellcode_Launcher.vcxproj", "{FE4387B7-31CA-4BA5-B06A-1E3EA96DB3DF}"
EndProject
Project("{8BC9CEB8-8B4A-11D0-8D11-00A0C91BC942}") = "Thread_Context", "WinMalDev\C\Thread_Context\Thread_Context.vcxproj", "{5072C827-74DD-47D2-8881-B4DC736F2064}"
EndProject
Project("{8BC9CEB8-8B4A-11D0-8D11-00A0C91BC942}") = "VirtualAlloc2", "WinMalDev\C\VirtualAlloc2\VirtualAlloc2.vcxproj", "{376B39B3-7879-4D64-BA41-08267AD4D1EA}"
EndProject
Project("{2150E333-8FDC-42A3-9474-1A3956D46DE8}") = "Hooking", "Hooking", "{714EFA1C-1394-4066-9E90-670E3AB814F3}"
EndProject
Project("{8BC9CEB8-8B4A-11D0-8D11-00A0C91BC942}") = "InlineHooking_VirtualAlloc", "WinMalDev\C\Hooking\InlineHooking_VirtualAlloc\InlineHooking_VirtualAlloc.vcxproj", "{9FAF887A-2871-4B29-8116-972F770EC9B0}"
EndProject
Global
	GlobalSection(SolutionConfigurationPlatforms) = preSolution
		Debug|Any CPU = Debug|Any CPU
		Debug|x64 = Debug|x64
		Debug|x86 = Debug|x86
		Release|Any CPU = Release|Any CPU
		Release|x64 = Release|x64
		Release|x86 = Release|x86
	EndGlobalSection
	GlobalSection(ProjectConfigurationPlatforms) = postSolution
		{1192E99A-56C6-47E9-AD23-2A575CB21C7C}.Debug|Any CPU.ActiveCfg = Debug|Any CPU
		{1192E99A-56C6-47E9-AD23-2A575CB21C7C}.Debug|Any CPU.Build.0 = Debug|Any CPU
		{1192E99A-56C6-47E9-AD23-2A575CB21C7C}.Debug|x64.ActiveCfg = Debug|Any CPU
		{1192E99A-56C6-47E9-AD23-2A575CB21C7C}.Debug|x64.Build.0 = Debug|Any CPU
		{1192E99A-56C6-47E9-AD23-2A575CB21C7C}.Debug|x86.ActiveCfg = Debug|Any CPU
		{1192E99A-56C6-47E9-AD23-2A575CB21C7C}.Debug|x86.Build.0 = Debug|Any CPU
		{1192E99A-56C6-47E9-AD23-2A575CB21C7C}.Release|Any CPU.ActiveCfg = Release|Any CPU
		{1192E99A-56C6-47E9-AD23-2A575CB21C7C}.Release|Any CPU.Build.0 = Release|Any CPU
		{1192E99A-56C6-47E9-AD23-2A575CB21C7C}.Release|x64.ActiveCfg = Release|Any CPU
		{1192E99A-56C6-47E9-AD23-2A575CB21C7C}.Release|x64.Build.0 = Release|Any CPU
		{1192E99A-56C6-47E9-AD23-2A575CB21C7C}.Release|x86.ActiveCfg = Release|Any CPU
		{1192E99A-56C6-47E9-AD23-2A575CB21C7C}.Release|x86.Build.0 = Release|Any CPU
		{6620CFC8-3037-427A-96DB-FC220D2DC1E9}.Debug|Any CPU.ActiveCfg = Debug|Any CPU
		{6620CFC8-3037-427A-96DB-FC220D2DC1E9}.Debug|Any CPU.Build.0 = Debug|Any CPU
		{6620CFC8-3037-427A-96DB-FC220D2DC1E9}.Debug|x64.ActiveCfg = Debug|Any CPU
		{6620CFC8-3037-427A-96DB-FC220D2DC1E9}.Debug|x64.Build.0 = Debug|Any CPU
		{6620CFC8-3037-427A-96DB-FC220D2DC1E9}.Debug|x86.ActiveCfg = Debug|Any CPU
		{6620CFC8-3037-427A-96DB-FC220D2DC1E9}.Debug|x86.Build.0 = Debug|Any CPU
		{6620CFC8-3037-427A-96DB-FC220D2DC1E9}.Release|Any CPU.ActiveCfg = Release|Any CPU
		{6620CFC8-3037-427A-96DB-FC220D2DC1E9}.Release|Any CPU.Build.0 = Release|Any CPU
		{6620CFC8-3037-427A-96DB-FC220D2DC1E9}.Release|x64.ActiveCfg = Release|Any CPU
		{6620CFC8-3037-427A-96DB-FC220D2DC1E9}.Release|x64.Build.0 = Release|Any CPU
		{6620CFC8-3037-427A-96DB-FC220D2DC1E9}.Release|x86.ActiveCfg = Release|Any CPU
		{6620CFC8-3037-427A-96DB-FC220D2DC1E9}.Release|x86.Build.0 = Release|Any CPU
		{67ED8F5F-62BC-4FA3-B6D1-00B5A29C9DA3}.Debug|Any CPU.ActiveCfg = Debug|Any CPU
		{67ED8F5F-62BC-4FA3-B6D1-00B5A29C9DA3}.Debug|Any CPU.Build.0 = Debug|Any CPU
		{67ED8F5F-62BC-4FA3-B6D1-00B5A29C9DA3}.Debug|x64.ActiveCfg = Debug|Any CPU
		{67ED8F5F-62BC-4FA3-B6D1-00B5A29C9DA3}.Debug|x64.Build.0 = Debug|Any CPU
		{67ED8F5F-62BC-4FA3-B6D1-00B5A29C9DA3}.Debug|x86.ActiveCfg = Debug|Any CPU
		{67ED8F5F-62BC-4FA3-B6D1-00B5A29C9DA3}.Debug|x86.Build.0 = Debug|Any CPU
		{67ED8F5F-62BC-4FA3-B6D1-00B5A29C9DA3}.Release|Any CPU.ActiveCfg = Release|Any CPU
		{67ED8F5F-62BC-4FA3-B6D1-00B5A29C9DA3}.Release|Any CPU.Build.0 = Release|Any CPU
		{67ED8F5F-62BC-4FA3-B6D1-00B5A29C9DA3}.Release|x64.ActiveCfg = Release|Any CPU
		{67ED8F5F-62BC-4FA3-B6D1-00B5A29C9DA3}.Release|x64.Build.0 = Release|Any CPU
		{67ED8F5F-62BC-4FA3-B6D1-00B5A29C9DA3}.Release|x86.ActiveCfg = Release|Any CPU
		{67ED8F5F-62BC-4FA3-B6D1-00B5A29C9DA3}.Release|x86.Build.0 = Release|Any CPU
		{59B82577-FE4E-4EFF-B54F-6F202D84A8C0}.Debug|Any CPU.ActiveCfg = Debug|Any CPU
		{59B82577-FE4E-4EFF-B54F-6F202D84A8C0}.Debug|Any CPU.Build.0 = Debug|Any CPU
		{59B82577-FE4E-4EFF-B54F-6F202D84A8C0}.Debug|x64.ActiveCfg = Debug|Any CPU
		{59B82577-FE4E-4EFF-B54F-6F202D84A8C0}.Debug|x64.Build.0 = Debug|Any CPU
		{59B82577-FE4E-4EFF-B54F-6F202D84A8C0}.Debug|x86.ActiveCfg = Debug|Any CPU
		{59B82577-FE4E-4EFF-B54F-6F202D84A8C0}.Debug|x86.Build.0 = Debug|Any CPU
		{59B82577-FE4E-4EFF-B54F-6F202D84A8C0}.Release|Any CPU.ActiveCfg = Release|Any CPU
		{59B82577-FE4E-4EFF-B54F-6F202D84A8C0}.Release|Any CPU.Build.0 = Release|Any CPU
		{59B82577-FE4E-4EFF-B54F-6F202D84A8C0}.Release|x64.ActiveCfg = Release|Any CPU
		{59B82577-FE4E-4EFF-B54F-6F202D84A8C0}.Release|x64.Build.0 = Release|Any CPU
		{59B82577-FE4E-4EFF-B54F-6F202D84A8C0}.Release|x86.ActiveCfg = Release|Any CPU
		{59B82577-FE4E-4EFF-B54F-6F202D84A8C0}.Release|x86.Build.0 = Release|Any CPU
		{538504F6-5F8E-4DE7-B5C8-DEBD8E285FB1}.Debug|Any CPU.ActiveCfg = Debug|Any CPU
		{538504F6-5F8E-4DE7-B5C8-DEBD8E285FB1}.Debug|Any CPU.Build.0 = Debug|Any CPU
		{538504F6-5F8E-4DE7-B5C8-DEBD8E285FB1}.Debug|x64.ActiveCfg = Debug|x64
		{538504F6-5F8E-4DE7-B5C8-DEBD8E285FB1}.Debug|x64.Build.0 = Debug|x64
		{538504F6-5F8E-4DE7-B5C8-DEBD8E285FB1}.Debug|x86.ActiveCfg = Debug|Any CPU
		{538504F6-5F8E-4DE7-B5C8-DEBD8E285FB1}.Debug|x86.Build.0 = Debug|Any CPU
		{538504F6-5F8E-4DE7-B5C8-DEBD8E285FB1}.Release|Any CPU.ActiveCfg = Release|Any CPU
		{538504F6-5F8E-4DE7-B5C8-DEBD8E285FB1}.Release|Any CPU.Build.0 = Release|Any CPU
		{538504F6-5F8E-4DE7-B5C8-DEBD8E285FB1}.Release|x64.ActiveCfg = Release|x64
		{538504F6-5F8E-4DE7-B5C8-DEBD8E285FB1}.Release|x64.Build.0 = Release|x64
		{538504F6-5F8E-4DE7-B5C8-DEBD8E285FB1}.Release|x86.ActiveCfg = Release|Any CPU
		{538504F6-5F8E-4DE7-B5C8-DEBD8E285FB1}.Release|x86.Build.0 = Release|Any CPU
		{F24791AA-7E1B-4BF8-A924-21889FD3A61B}.Debug|Any CPU.ActiveCfg = Debug|Any CPU
		{F24791AA-7E1B-4BF8-A924-21889FD3A61B}.Debug|Any CPU.Build.0 = Debug|Any CPU
		{F24791AA-7E1B-4BF8-A924-21889FD3A61B}.Debug|x64.ActiveCfg = Debug|Any CPU
		{F24791AA-7E1B-4BF8-A924-21889FD3A61B}.Debug|x64.Build.0 = Debug|Any CPU
		{F24791AA-7E1B-4BF8-A924-21889FD3A61B}.Debug|x86.ActiveCfg = Debug|Any CPU
		{F24791AA-7E1B-4BF8-A924-21889FD3A61B}.Debug|x86.Build.0 = Debug|Any CPU
		{F24791AA-7E1B-4BF8-A924-21889FD3A61B}.Release|Any CPU.ActiveCfg = Release|Any CPU
		{F24791AA-7E1B-4BF8-A924-21889FD3A61B}.Release|Any CPU.Build.0 = Release|Any CPU
		{F24791AA-7E1B-4BF8-A924-21889FD3A61B}.Release|x64.ActiveCfg = Release|Any CPU
		{F24791AA-7E1B-4BF8-A924-21889FD3A61B}.Release|x64.Build.0 = Release|Any CPU
		{F24791AA-7E1B-4BF8-A924-21889FD3A61B}.Release|x86.ActiveCfg = Release|Any CPU
		{F24791AA-7E1B-4BF8-A924-21889FD3A61B}.Release|x86.Build.0 = Release|Any CPU
		{59AD52EA-9C04-4F3E-9128-1AF62E82EAD9}.Debug|Any CPU.ActiveCfg = Debug|Any CPU
		{59AD52EA-9C04-4F3E-9128-1AF62E82EAD9}.Debug|Any CPU.Build.0 = Debug|Any CPU
		{59AD52EA-9C04-4F3E-9128-1AF62E82EAD9}.Debug|x64.ActiveCfg = Debug|Any CPU
		{59AD52EA-9C04-4F3E-9128-1AF62E82EAD9}.Debug|x64.Build.0 = Debug|Any CPU
		{59AD52EA-9C04-4F3E-9128-1AF62E82EAD9}.Debug|x86.ActiveCfg = Debug|Any CPU
		{59AD52EA-9C04-4F3E-9128-1AF62E82EAD9}.Debug|x86.Build.0 = Debug|Any CPU
		{59AD52EA-9C04-4F3E-9128-1AF62E82EAD9}.Release|Any CPU.ActiveCfg = Release|Any CPU
		{59AD52EA-9C04-4F3E-9128-1AF62E82EAD9}.Release|Any CPU.Build.0 = Release|Any CPU
		{59AD52EA-9C04-4F3E-9128-1AF62E82EAD9}.Release|x64.ActiveCfg = Release|Any CPU
		{59AD52EA-9C04-4F3E-9128-1AF62E82EAD9}.Release|x64.Build.0 = Release|Any CPU
		{59AD52EA-9C04-4F3E-9128-1AF62E82EAD9}.Release|x86.ActiveCfg = Release|Any CPU
		{59AD52EA-9C04-4F3E-9128-1AF62E82EAD9}.Release|x86.Build.0 = Release|Any CPU
		{BC6188B5-A382-4DDB-B0C9-4854905D7C7F}.Debug|Any CPU.ActiveCfg = Debug|Any CPU
		{BC6188B5-A382-4DDB-B0C9-4854905D7C7F}.Debug|Any CPU.Build.0 = Debug|Any CPU
		{BC6188B5-A382-4DDB-B0C9-4854905D7C7F}.Debug|x64.ActiveCfg = Debug|Any CPU
		{BC6188B5-A382-4DDB-B0C9-4854905D7C7F}.Debug|x64.Build.0 = Debug|Any CPU
		{BC6188B5-A382-4DDB-B0C9-4854905D7C7F}.Debug|x86.ActiveCfg = Debug|Any CPU
		{BC6188B5-A382-4DDB-B0C9-4854905D7C7F}.Debug|x86.Build.0 = Debug|Any CPU
		{BC6188B5-A382-4DDB-B0C9-4854905D7C7F}.Release|Any CPU.ActiveCfg = Release|Any CPU
		{BC6188B5-A382-4DDB-B0C9-4854905D7C7F}.Release|Any CPU.Build.0 = Release|Any CPU
		{BC6188B5-A382-4DDB-B0C9-4854905D7C7F}.Release|x64.ActiveCfg = Release|Any CPU
		{BC6188B5-A382-4DDB-B0C9-4854905D7C7F}.Release|x64.Build.0 = Release|Any CPU
		{BC6188B5-A382-4DDB-B0C9-4854905D7C7F}.Release|x86.ActiveCfg = Release|Any CPU
		{BC6188B5-A382-4DDB-B0C9-4854905D7C7F}.Release|x86.Build.0 = Release|Any CPU
		{110C5CB7-D375-4C12-9852-C2786DE1DBCA}.Debug|Any CPU.ActiveCfg = Debug|Any CPU
		{110C5CB7-D375-4C12-9852-C2786DE1DBCA}.Debug|Any CPU.Build.0 = Debug|Any CPU
		{110C5CB7-D375-4C12-9852-C2786DE1DBCA}.Debug|x64.ActiveCfg = Debug|Any CPU
		{110C5CB7-D375-4C12-9852-C2786DE1DBCA}.Debug|x64.Build.0 = Debug|Any CPU
		{110C5CB7-D375-4C12-9852-C2786DE1DBCA}.Debug|x86.ActiveCfg = Debug|Any CPU
		{110C5CB7-D375-4C12-9852-C2786DE1DBCA}.Debug|x86.Build.0 = Debug|Any CPU
		{110C5CB7-D375-4C12-9852-C2786DE1DBCA}.Release|Any CPU.ActiveCfg = Release|Any CPU
		{110C5CB7-D375-4C12-9852-C2786DE1DBCA}.Release|Any CPU.Build.0 = Release|Any CPU
		{110C5CB7-D375-4C12-9852-C2786DE1DBCA}.Release|x64.ActiveCfg = Release|Any CPU
		{110C5CB7-D375-4C12-9852-C2786DE1DBCA}.Release|x64.Build.0 = Release|Any CPU
		{110C5CB7-D375-4C12-9852-C2786DE1DBCA}.Release|x86.ActiveCfg = Release|Any CPU
		{110C5CB7-D375-4C12-9852-C2786DE1DBCA}.Release|x86.Build.0 = Release|Any CPU
		{50B568D7-3CDA-4586-8BC8-8F4047C726E5}.Debug|Any CPU.ActiveCfg = Debug|Any CPU
		{50B568D7-3CDA-4586-8BC8-8F4047C726E5}.Debug|Any CPU.Build.0 = Debug|Any CPU
		{50B568D7-3CDA-4586-8BC8-8F4047C726E5}.Debug|x64.ActiveCfg = Debug|x64
		{50B568D7-3CDA-4586-8BC8-8F4047C726E5}.Debug|x64.Build.0 = Debug|x64
		{50B568D7-3CDA-4586-8BC8-8F4047C726E5}.Debug|x86.ActiveCfg = Debug|Any CPU
		{50B568D7-3CDA-4586-8BC8-8F4047C726E5}.Debug|x86.Build.0 = Debug|Any CPU
		{50B568D7-3CDA-4586-8BC8-8F4047C726E5}.Release|Any CPU.ActiveCfg = Release|Any CPU
		{50B568D7-3CDA-4586-8BC8-8F4047C726E5}.Release|Any CPU.Build.0 = Release|Any CPU
		{50B568D7-3CDA-4586-8BC8-8F4047C726E5}.Release|x64.ActiveCfg = Release|x64
		{50B568D7-3CDA-4586-8BC8-8F4047C726E5}.Release|x64.Build.0 = Release|x64
		{50B568D7-3CDA-4586-8BC8-8F4047C726E5}.Release|x86.ActiveCfg = Release|Any CPU
		{50B568D7-3CDA-4586-8BC8-8F4047C726E5}.Release|x86.Build.0 = Release|Any CPU
		{00D1AD9C-F443-4FF1-B2BF-ACB805F39F7F}.Debug|Any CPU.ActiveCfg = Debug|Any CPU
		{00D1AD9C-F443-4FF1-B2BF-ACB805F39F7F}.Debug|Any CPU.Build.0 = Debug|Any CPU
		{00D1AD9C-F443-4FF1-B2BF-ACB805F39F7F}.Debug|x64.ActiveCfg = Debug|x64
		{00D1AD9C-F443-4FF1-B2BF-ACB805F39F7F}.Debug|x64.Build.0 = Debug|x64
		{00D1AD9C-F443-4FF1-B2BF-ACB805F39F7F}.Debug|x86.ActiveCfg = Debug|Any CPU
		{00D1AD9C-F443-4FF1-B2BF-ACB805F39F7F}.Debug|x86.Build.0 = Debug|Any CPU
		{00D1AD9C-F443-4FF1-B2BF-ACB805F39F7F}.Release|Any CPU.ActiveCfg = Release|Any CPU
		{00D1AD9C-F443-4FF1-B2BF-ACB805F39F7F}.Release|Any CPU.Build.0 = Release|Any CPU
		{00D1AD9C-F443-4FF1-B2BF-ACB805F39F7F}.Release|x64.ActiveCfg = Release|x64
		{00D1AD9C-F443-4FF1-B2BF-ACB805F39F7F}.Release|x64.Build.0 = Release|x64
		{00D1AD9C-F443-4FF1-B2BF-ACB805F39F7F}.Release|x86.ActiveCfg = Release|Any CPU
		{00D1AD9C-F443-4FF1-B2BF-ACB805F39F7F}.Release|x86.Build.0 = Release|Any CPU
		{65DD3952-3835-42D3-A6DE-91D811E64F57}.Debug|Any CPU.ActiveCfg = Debug|Any CPU
		{65DD3952-3835-42D3-A6DE-91D811E64F57}.Debug|Any CPU.Build.0 = Debug|Any CPU
		{65DD3952-3835-42D3-A6DE-91D811E64F57}.Debug|x64.ActiveCfg = Debug|Any CPU
		{65DD3952-3835-42D3-A6DE-91D811E64F57}.Debug|x64.Build.0 = Debug|Any CPU
		{65DD3952-3835-42D3-A6DE-91D811E64F57}.Debug|x86.ActiveCfg = Debug|Any CPU
		{65DD3952-3835-42D3-A6DE-91D811E64F57}.Debug|x86.Build.0 = Debug|Any CPU
		{65DD3952-3835-42D3-A6DE-91D811E64F57}.Release|Any CPU.ActiveCfg = Release|Any CPU
		{65DD3952-3835-42D3-A6DE-91D811E64F57}.Release|Any CPU.Build.0 = Release|Any CPU
		{65DD3952-3835-42D3-A6DE-91D811E64F57}.Release|x64.ActiveCfg = Release|Any CPU
		{65DD3952-3835-42D3-A6DE-91D811E64F57}.Release|x64.Build.0 = Release|Any CPU
		{65DD3952-3835-42D3-A6DE-91D811E64F57}.Release|x86.ActiveCfg = Release|Any CPU
		{65DD3952-3835-42D3-A6DE-91D811E64F57}.Release|x86.Build.0 = Release|Any CPU
		{59E7BC8E-7AC5-4393-AE49-4A4AF40ED1A5}.Debug|Any CPU.ActiveCfg = Debug|Any CPU
		{59E7BC8E-7AC5-4393-AE49-4A4AF40ED1A5}.Debug|Any CPU.Build.0 = Debug|Any CPU
		{59E7BC8E-7AC5-4393-AE49-4A4AF40ED1A5}.Debug|x64.ActiveCfg = Debug|Any CPU
		{59E7BC8E-7AC5-4393-AE49-4A4AF40ED1A5}.Debug|x64.Build.0 = Debug|Any CPU
		{59E7BC8E-7AC5-4393-AE49-4A4AF40ED1A5}.Debug|x86.ActiveCfg = Debug|Any CPU
		{59E7BC8E-7AC5-4393-AE49-4A4AF40ED1A5}.Debug|x86.Build.0 = Debug|Any CPU
		{59E7BC8E-7AC5-4393-AE49-4A4AF40ED1A5}.Release|Any CPU.ActiveCfg = Release|Any CPU
		{59E7BC8E-7AC5-4393-AE49-4A4AF40ED1A5}.Release|Any CPU.Build.0 = Release|Any CPU
		{59E7BC8E-7AC5-4393-AE49-4A4AF40ED1A5}.Release|x64.ActiveCfg = Release|Any CPU
		{59E7BC8E-7AC5-4393-AE49-4A4AF40ED1A5}.Release|x64.Build.0 = Release|Any CPU
		{59E7BC8E-7AC5-4393-AE49-4A4AF40ED1A5}.Release|x86.ActiveCfg = Release|Any CPU
		{59E7BC8E-7AC5-4393-AE49-4A4AF40ED1A5}.Release|x86.Build.0 = Release|Any CPU
		{D6B0330C-55EF-4EE1-B698-2A5177947E9B}.Debug|Any CPU.ActiveCfg = Debug|Any CPU
		{D6B0330C-55EF-4EE1-B698-2A5177947E9B}.Debug|Any CPU.Build.0 = Debug|Any CPU
		{D6B0330C-55EF-4EE1-B698-2A5177947E9B}.Debug|x64.ActiveCfg = Debug|Any CPU
		{D6B0330C-55EF-4EE1-B698-2A5177947E9B}.Debug|x64.Build.0 = Debug|Any CPU
		{D6B0330C-55EF-4EE1-B698-2A5177947E9B}.Debug|x86.ActiveCfg = Debug|Any CPU
		{D6B0330C-55EF-4EE1-B698-2A5177947E9B}.Debug|x86.Build.0 = Debug|Any CPU
		{D6B0330C-55EF-4EE1-B698-2A5177947E9B}.Release|Any CPU.ActiveCfg = Release|Any CPU
		{D6B0330C-55EF-4EE1-B698-2A5177947E9B}.Release|Any CPU.Build.0 = Release|Any CPU
		{D6B0330C-55EF-4EE1-B698-2A5177947E9B}.Release|x64.ActiveCfg = Release|Any CPU
		{D6B0330C-55EF-4EE1-B698-2A5177947E9B}.Release|x64.Build.0 = Release|Any CPU
		{D6B0330C-55EF-4EE1-B698-2A5177947E9B}.Release|x86.ActiveCfg = Release|Any CPU
		{D6B0330C-55EF-4EE1-B698-2A5177947E9B}.Release|x86.Build.0 = Release|Any CPU
		{928E5184-E97B-4893-9D1D-AD889D1A8E03}.Debug|Any CPU.ActiveCfg = Debug|x64
		{928E5184-E97B-4893-9D1D-AD889D1A8E03}.Debug|Any CPU.Build.0 = Debug|x64
		{928E5184-E97B-4893-9D1D-AD889D1A8E03}.Debug|x64.ActiveCfg = Debug|x64
		{928E5184-E97B-4893-9D1D-AD889D1A8E03}.Debug|x64.Build.0 = Debug|x64
		{928E5184-E97B-4893-9D1D-AD889D1A8E03}.Debug|x86.ActiveCfg = Debug|Win32
		{928E5184-E97B-4893-9D1D-AD889D1A8E03}.Debug|x86.Build.0 = Debug|Win32
		{928E5184-E97B-4893-9D1D-AD889D1A8E03}.Release|Any CPU.ActiveCfg = Release|x64
		{928E5184-E97B-4893-9D1D-AD889D1A8E03}.Release|Any CPU.Build.0 = Release|x64
		{928E5184-E97B-4893-9D1D-AD889D1A8E03}.Release|x64.ActiveCfg = Release|x64
		{928E5184-E97B-4893-9D1D-AD889D1A8E03}.Release|x64.Build.0 = Release|x64
		{928E5184-E97B-4893-9D1D-AD889D1A8E03}.Release|x86.ActiveCfg = Release|Win32
		{928E5184-E97B-4893-9D1D-AD889D1A8E03}.Release|x86.Build.0 = Release|Win32
		{8542304C-3B7C-4AE6-841C-7C8FF24FC4CA}.Debug|Any CPU.ActiveCfg = Debug|x64
		{8542304C-3B7C-4AE6-841C-7C8FF24FC4CA}.Debug|Any CPU.Build.0 = Debug|x64
		{8542304C-3B7C-4AE6-841C-7C8FF24FC4CA}.Debug|x64.ActiveCfg = Debug|x64
		{8542304C-3B7C-4AE6-841C-7C8FF24FC4CA}.Debug|x64.Build.0 = Debug|x64
		{8542304C-3B7C-4AE6-841C-7C8FF24FC4CA}.Debug|x86.ActiveCfg = Debug|Win32
		{8542304C-3B7C-4AE6-841C-7C8FF24FC4CA}.Debug|x86.Build.0 = Debug|Win32
		{8542304C-3B7C-4AE6-841C-7C8FF24FC4CA}.Release|Any CPU.ActiveCfg = Release|x64
		{8542304C-3B7C-4AE6-841C-7C8FF24FC4CA}.Release|Any CPU.Build.0 = Release|x64
		{8542304C-3B7C-4AE6-841C-7C8FF24FC4CA}.Release|x64.ActiveCfg = Release|x64
		{8542304C-3B7C-4AE6-841C-7C8FF24FC4CA}.Release|x64.Build.0 = Release|x64
		{8542304C-3B7C-4AE6-841C-7C8FF24FC4CA}.Release|x86.ActiveCfg = Release|Win32
		{8542304C-3B7C-4AE6-841C-7C8FF24FC4CA}.Release|x86.Build.0 = Release|Win32
		{936873FC-184B-4C39-941D-7EE98F4859CB}.Debug|Any CPU.ActiveCfg = Debug|x64
		{936873FC-184B-4C39-941D-7EE98F4859CB}.Debug|Any CPU.Build.0 = Debug|x64
		{936873FC-184B-4C39-941D-7EE98F4859CB}.Debug|x64.ActiveCfg = Debug|x64
		{936873FC-184B-4C39-941D-7EE98F4859CB}.Debug|x64.Build.0 = Debug|x64
		{936873FC-184B-4C39-941D-7EE98F4859CB}.Debug|x86.ActiveCfg = Debug|Win32
		{936873FC-184B-4C39-941D-7EE98F4859CB}.Debug|x86.Build.0 = Debug|Win32
		{936873FC-184B-4C39-941D-7EE98F4859CB}.Release|Any CPU.ActiveCfg = Release|x64
		{936873FC-184B-4C39-941D-7EE98F4859CB}.Release|Any CPU.Build.0 = Release|x64
		{936873FC-184B-4C39-941D-7EE98F4859CB}.Release|x64.ActiveCfg = Release|x64
		{936873FC-184B-4C39-941D-7EE98F4859CB}.Release|x64.Build.0 = Release|x64
		{936873FC-184B-4C39-941D-7EE98F4859CB}.Release|x86.ActiveCfg = Release|Win32
		{936873FC-184B-4C39-941D-7EE98F4859CB}.Release|x86.Build.0 = Release|Win32
		{D58E2742-7EF6-4C79-AFB8-81DF05967DB7}.Debug|Any CPU.ActiveCfg = Debug|x64
		{D58E2742-7EF6-4C79-AFB8-81DF05967DB7}.Debug|Any CPU.Build.0 = Debug|x64
		{D58E2742-7EF6-4C79-AFB8-81DF05967DB7}.Debug|x64.ActiveCfg = Debug|x64
		{D58E2742-7EF6-4C79-AFB8-81DF05967DB7}.Debug|x64.Build.0 = Debug|x64
		{D58E2742-7EF6-4C79-AFB8-81DF05967DB7}.Debug|x86.ActiveCfg = Debug|Win32
		{D58E2742-7EF6-4C79-AFB8-81DF05967DB7}.Debug|x86.Build.0 = Debug|Win32
		{D58E2742-7EF6-4C79-AFB8-81DF05967DB7}.Release|Any CPU.ActiveCfg = Release|x64
		{D58E2742-7EF6-4C79-AFB8-81DF05967DB7}.Release|Any CPU.Build.0 = Release|x64
		{D58E2742-7EF6-4C79-AFB8-81DF05967DB7}.Release|x64.ActiveCfg = Release|x64
		{D58E2742-7EF6-4C79-AFB8-81DF05967DB7}.Release|x64.Build.0 = Release|x64
		{D58E2742-7EF6-4C79-AFB8-81DF05967DB7}.Release|x86.ActiveCfg = Release|Win32
		{D58E2742-7EF6-4C79-AFB8-81DF05967DB7}.Release|x86.Build.0 = Release|Win32
		{59FCEDE2-D849-4177-943F-76A36C7F0518}.Debug|Any CPU.ActiveCfg = Debug|x64
		{59FCEDE2-D849-4177-943F-76A36C7F0518}.Debug|Any CPU.Build.0 = Debug|x64
		{59FCEDE2-D849-4177-943F-76A36C7F0518}.Debug|x64.ActiveCfg = Debug|x64
		{59FCEDE2-D849-4177-943F-76A36C7F0518}.Debug|x64.Build.0 = Debug|x64
		{59FCEDE2-D849-4177-943F-76A36C7F0518}.Debug|x86.ActiveCfg = Debug|Win32
		{59FCEDE2-D849-4177-943F-76A36C7F0518}.Debug|x86.Build.0 = Debug|Win32
		{59FCEDE2-D849-4177-943F-76A36C7F0518}.Release|Any CPU.ActiveCfg = Release|x64
		{59FCEDE2-D849-4177-943F-76A36C7F0518}.Release|Any CPU.Build.0 = Release|x64
		{59FCEDE2-D849-4177-943F-76A36C7F0518}.Release|x64.ActiveCfg = Release|x64
		{59FCEDE2-D849-4177-943F-76A36C7F0518}.Release|x64.Build.0 = Release|x64
		{59FCEDE2-D849-4177-943F-76A36C7F0518}.Release|x86.ActiveCfg = Release|Win32
		{59FCEDE2-D849-4177-943F-76A36C7F0518}.Release|x86.Build.0 = Release|Win32
		{95B37E2F-6894-4A1A-AA31-449F23B85CF8}.Debug|Any CPU.ActiveCfg = Debug|x64
		{95B37E2F-6894-4A1A-AA31-449F23B85CF8}.Debug|Any CPU.Build.0 = Debug|x64
		{95B37E2F-6894-4A1A-AA31-449F23B85CF8}.Debug|x64.ActiveCfg = Debug|x64
		{95B37E2F-6894-4A1A-AA31-449F23B85CF8}.Debug|x64.Build.0 = Debug|x64
		{95B37E2F-6894-4A1A-AA31-449F23B85CF8}.Debug|x86.ActiveCfg = Debug|Win32
		{95B37E2F-6894-4A1A-AA31-449F23B85CF8}.Debug|x86.Build.0 = Debug|Win32
		{95B37E2F-6894-4A1A-AA31-449F23B85CF8}.Release|Any CPU.ActiveCfg = Release|x64
		{95B37E2F-6894-4A1A-AA31-449F23B85CF8}.Release|Any CPU.Build.0 = Release|x64
		{95B37E2F-6894-4A1A-AA31-449F23B85CF8}.Release|x64.ActiveCfg = Release|x64
		{95B37E2F-6894-4A1A-AA31-449F23B85CF8}.Release|x64.Build.0 = Release|x64
		{95B37E2F-6894-4A1A-AA31-449F23B85CF8}.Release|x86.ActiveCfg = Release|Win32
		{95B37E2F-6894-4A1A-AA31-449F23B85CF8}.Release|x86.Build.0 = Release|Win32
		{D2582DB2-6111-47EC-A6C5-1DEF3F35E19A}.Debug|Any CPU.ActiveCfg = Debug|x64
		{D2582DB2-6111-47EC-A6C5-1DEF3F35E19A}.Debug|Any CPU.Build.0 = Debug|x64
		{D2582DB2-6111-47EC-A6C5-1DEF3F35E19A}.Debug|x64.ActiveCfg = Debug|x64
		{D2582DB2-6111-47EC-A6C5-1DEF3F35E19A}.Debug|x64.Build.0 = Debug|x64
		{D2582DB2-6111-47EC-A6C5-1DEF3F35E19A}.Debug|x86.ActiveCfg = Debug|Win32
		{D2582DB2-6111-47EC-A6C5-1DEF3F35E19A}.Debug|x86.Build.0 = Debug|Win32
		{D2582DB2-6111-47EC-A6C5-1DEF3F35E19A}.Release|Any CPU.ActiveCfg = Release|x64
		{D2582DB2-6111-47EC-A6C5-1DEF3F35E19A}.Release|Any CPU.Build.0 = Release|x64
		{D2582DB2-6111-47EC-A6C5-1DEF3F35E19A}.Release|x64.ActiveCfg = Release|x64
		{D2582DB2-6111-47EC-A6C5-1DEF3F35E19A}.Release|x64.Build.0 = Release|x64
		{D2582DB2-6111-47EC-A6C5-1DEF3F35E19A}.Release|x86.ActiveCfg = Release|Win32
		{D2582DB2-6111-47EC-A6C5-1DEF3F35E19A}.Release|x86.Build.0 = Release|Win32
		{A85AEA45-8265-4427-8C70-A3A04554F6B5}.Debug|Any CPU.ActiveCfg = Debug|x64
		{A85AEA45-8265-4427-8C70-A3A04554F6B5}.Debug|Any CPU.Build.0 = Debug|x64
		{A85AEA45-8265-4427-8C70-A3A04554F6B5}.Debug|x64.ActiveCfg = Debug|x64
		{A85AEA45-8265-4427-8C70-A3A04554F6B5}.Debug|x64.Build.0 = Debug|x64
		{A85AEA45-8265-4427-8C70-A3A04554F6B5}.Debug|x86.ActiveCfg = Debug|Win32
		{A85AEA45-8265-4427-8C70-A3A04554F6B5}.Debug|x86.Build.0 = Debug|Win32
		{A85AEA45-8265-4427-8C70-A3A04554F6B5}.Release|Any CPU.ActiveCfg = Release|x64
		{A85AEA45-8265-4427-8C70-A3A04554F6B5}.Release|Any CPU.Build.0 = Release|x64
		{A85AEA45-8265-4427-8C70-A3A04554F6B5}.Release|x64.ActiveCfg = Release|x64
		{A85AEA45-8265-4427-8C70-A3A04554F6B5}.Release|x64.Build.0 = Release|x64
		{A85AEA45-8265-4427-8C70-A3A04554F6B5}.Release|x86.ActiveCfg = Release|Win32
		{A85AEA45-8265-4427-8C70-A3A04554F6B5}.Release|x86.Build.0 = Release|Win32
		{5981A0F7-D86D-4EF4-83C0-CD4493ECECFE}.Debug|Any CPU.ActiveCfg = Debug|x64
		{5981A0F7-D86D-4EF4-83C0-CD4493ECECFE}.Debug|Any CPU.Build.0 = Debug|x64
		{5981A0F7-D86D-4EF4-83C0-CD4493ECECFE}.Debug|x64.ActiveCfg = Debug|x64
		{5981A0F7-D86D-4EF4-83C0-CD4493ECECFE}.Debug|x64.Build.0 = Debug|x64
		{5981A0F7-D86D-4EF4-83C0-CD4493ECECFE}.Debug|x86.ActiveCfg = Debug|Win32
		{5981A0F7-D86D-4EF4-83C0-CD4493ECECFE}.Debug|x86.Build.0 = Debug|Win32
		{5981A0F7-D86D-4EF4-83C0-CD4493ECECFE}.Release|Any CPU.ActiveCfg = Release|x64
		{5981A0F7-D86D-4EF4-83C0-CD4493ECECFE}.Release|Any CPU.Build.0 = Release|x64
		{5981A0F7-D86D-4EF4-83C0-CD4493ECECFE}.Release|x64.ActiveCfg = Release|x64
		{5981A0F7-D86D-4EF4-83C0-CD4493ECECFE}.Release|x64.Build.0 = Release|x64
		{5981A0F7-D86D-4EF4-83C0-CD4493ECECFE}.Release|x86.ActiveCfg = Release|Win32
		{5981A0F7-D86D-4EF4-83C0-CD4493ECECFE}.Release|x86.Build.0 = Release|Win32
		{C8FDB2B8-8A25-4D24-B419-6608EAE8D34A}.Debug|Any CPU.ActiveCfg = Debug|x64
		{C8FDB2B8-8A25-4D24-B419-6608EAE8D34A}.Debug|Any CPU.Build.0 = Debug|x64
		{C8FDB2B8-8A25-4D24-B419-6608EAE8D34A}.Debug|x64.ActiveCfg = Debug|x64
		{C8FDB2B8-8A25-4D24-B419-6608EAE8D34A}.Debug|x64.Build.0 = Debug|x64
		{C8FDB2B8-8A25-4D24-B419-6608EAE8D34A}.Debug|x86.ActiveCfg = Debug|Win32
		{C8FDB2B8-8A25-4D24-B419-6608EAE8D34A}.Debug|x86.Build.0 = Debug|Win32
		{C8FDB2B8-8A25-4D24-B419-6608EAE8D34A}.Release|Any CPU.ActiveCfg = Release|x64
		{C8FDB2B8-8A25-4D24-B419-6608EAE8D34A}.Release|Any CPU.Build.0 = Release|x64
		{C8FDB2B8-8A25-4D24-B419-6608EAE8D34A}.Release|x64.ActiveCfg = Release|x64
		{C8FDB2B8-8A25-4D24-B419-6608EAE8D34A}.Release|x64.Build.0 = Release|x64
		{C8FDB2B8-8A25-4D24-B419-6608EAE8D34A}.Release|x86.ActiveCfg = Release|Win32
		{C8FDB2B8-8A25-4D24-B419-6608EAE8D34A}.Release|x86.Build.0 = Release|Win32
		{1F6CCF61-8177-4E19-B5E4-1B1BF5EEDD86}.Debug|Any CPU.ActiveCfg = Debug|x64
		{1F6CCF61-8177-4E19-B5E4-1B1BF5EEDD86}.Debug|Any CPU.Build.0 = Debug|x64
		{1F6CCF61-8177-4E19-B5E4-1B1BF5EEDD86}.Debug|x64.ActiveCfg = Debug|x64
		{1F6CCF61-8177-4E19-B5E4-1B1BF5EEDD86}.Debug|x64.Build.0 = Debug|x64
		{1F6CCF61-8177-4E19-B5E4-1B1BF5EEDD86}.Debug|x86.ActiveCfg = Debug|Win32
		{1F6CCF61-8177-4E19-B5E4-1B1BF5EEDD86}.Debug|x86.Build.0 = Debug|Win32
		{1F6CCF61-8177-4E19-B5E4-1B1BF5EEDD86}.Release|Any CPU.ActiveCfg = Release|x64
		{1F6CCF61-8177-4E19-B5E4-1B1BF5EEDD86}.Release|Any CPU.Build.0 = Release|x64
		{1F6CCF61-8177-4E19-B5E4-1B1BF5EEDD86}.Release|x64.ActiveCfg = Release|x64
		{1F6CCF61-8177-4E19-B5E4-1B1BF5EEDD86}.Release|x64.Build.0 = Release|x64
		{1F6CCF61-8177-4E19-B5E4-1B1BF5EEDD86}.Release|x86.ActiveCfg = Release|Win32
		{1F6CCF61-8177-4E19-B5E4-1B1BF5EEDD86}.Release|x86.Build.0 = Release|Win32
		{5CADA47F-F11A-4118-8FD7-B8FB5A9379AB}.Debug|Any CPU.ActiveCfg = Debug|x64
		{5CADA47F-F11A-4118-8FD7-B8FB5A9379AB}.Debug|Any CPU.Build.0 = Debug|x64
		{5CADA47F-F11A-4118-8FD7-B8FB5A9379AB}.Debug|x64.ActiveCfg = Debug|x64
		{5CADA47F-F11A-4118-8FD7-B8FB5A9379AB}.Debug|x64.Build.0 = Debug|x64
		{5CADA47F-F11A-4118-8FD7-B8FB5A9379AB}.Debug|x86.ActiveCfg = Debug|Win32
		{5CADA47F-F11A-4118-8FD7-B8FB5A9379AB}.Debug|x86.Build.0 = Debug|Win32
		{5CADA47F-F11A-4118-8FD7-B8FB5A9379AB}.Release|Any CPU.ActiveCfg = Release|x64
		{5CADA47F-F11A-4118-8FD7-B8FB5A9379AB}.Release|Any CPU.Build.0 = Release|x64
		{5CADA47F-F11A-4118-8FD7-B8FB5A9379AB}.Release|x64.ActiveCfg = Release|x64
		{5CADA47F-F11A-4118-8FD7-B8FB5A9379AB}.Release|x64.Build.0 = Release|x64
		{5CADA47F-F11A-4118-8FD7-B8FB5A9379AB}.Release|x86.ActiveCfg = Release|Win32
		{5CADA47F-F11A-4118-8FD7-B8FB5A9379AB}.Release|x86.Build.0 = Release|Win32
		{485D2C53-42F0-4CE1-81C8-C2F1715F12E4}.Debug|Any CPU.ActiveCfg = Debug|x64
		{485D2C53-42F0-4CE1-81C8-C2F1715F12E4}.Debug|Any CPU.Build.0 = Debug|x64
		{485D2C53-42F0-4CE1-81C8-C2F1715F12E4}.Debug|x64.ActiveCfg = Debug|x64
		{485D2C53-42F0-4CE1-81C8-C2F1715F12E4}.Debug|x64.Build.0 = Debug|x64
		{485D2C53-42F0-4CE1-81C8-C2F1715F12E4}.Debug|x86.ActiveCfg = Debug|Win32
		{485D2C53-42F0-4CE1-81C8-C2F1715F12E4}.Debug|x86.Build.0 = Debug|Win32
		{485D2C53-42F0-4CE1-81C8-C2F1715F12E4}.Release|Any CPU.ActiveCfg = Release|x64
		{485D2C53-42F0-4CE1-81C8-C2F1715F12E4}.Release|Any CPU.Build.0 = Release|x64
		{485D2C53-42F0-4CE1-81C8-C2F1715F12E4}.Release|x64.ActiveCfg = Release|x64
		{485D2C53-42F0-4CE1-81C8-C2F1715F12E4}.Release|x64.Build.0 = Release|x64
		{485D2C53-42F0-4CE1-81C8-C2F1715F12E4}.Release|x86.ActiveCfg = Release|Win32
		{485D2C53-42F0-4CE1-81C8-C2F1715F12E4}.Release|x86.Build.0 = Release|Win32
		{F7BEB9B0-EC1D-4846-8A29-D3938177108E}.Debug|Any CPU.ActiveCfg = Debug|x64
		{F7BEB9B0-EC1D-4846-8A29-D3938177108E}.Debug|Any CPU.Build.0 = Debug|x64
		{F7BEB9B0-EC1D-4846-8A29-D3938177108E}.Debug|x64.ActiveCfg = Debug|x64
		{F7BEB9B0-EC1D-4846-8A29-D3938177108E}.Debug|x64.Build.0 = Debug|x64
		{F7BEB9B0-EC1D-4846-8A29-D3938177108E}.Debug|x86.ActiveCfg = Debug|Win32
		{F7BEB9B0-EC1D-4846-8A29-D3938177108E}.Debug|x86.Build.0 = Debug|Win32
		{F7BEB9B0-EC1D-4846-8A29-D3938177108E}.Release|Any CPU.ActiveCfg = Release|x64
		{F7BEB9B0-EC1D-4846-8A29-D3938177108E}.Release|Any CPU.Build.0 = Release|x64
		{F7BEB9B0-EC1D-4846-8A29-D3938177108E}.Release|x64.ActiveCfg = Release|x64
		{F7BEB9B0-EC1D-4846-8A29-D3938177108E}.Release|x64.Build.0 = Release|x64
		{F7BEB9B0-EC1D-4846-8A29-D3938177108E}.Release|x86.ActiveCfg = Release|Win32
		{F7BEB9B0-EC1D-4846-8A29-D3938177108E}.Release|x86.Build.0 = Release|Win32
		{FE4387B7-31CA-4BA5-B06A-1E3EA96DB3DF}.Debug|Any CPU.ActiveCfg = Debug|x64
		{FE4387B7-31CA-4BA5-B06A-1E3EA96DB3DF}.Debug|Any CPU.Build.0 = Debug|x64
		{FE4387B7-31CA-4BA5-B06A-1E3EA96DB3DF}.Debug|x64.ActiveCfg = Debug|x64
		{FE4387B7-31CA-4BA5-B06A-1E3EA96DB3DF}.Debug|x64.Build.0 = Debug|x64
		{FE4387B7-31CA-4BA5-B06A-1E3EA96DB3DF}.Debug|x86.ActiveCfg = Debug|Win32
		{FE4387B7-31CA-4BA5-B06A-1E3EA96DB3DF}.Debug|x86.Build.0 = Debug|Win32
		{FE4387B7-31CA-4BA5-B06A-1E3EA96DB3DF}.Release|Any CPU.ActiveCfg = Release|x64
		{FE4387B7-31CA-4BA5-B06A-1E3EA96DB3DF}.Release|Any CPU.Build.0 = Release|x64
		{FE4387B7-31CA-4BA5-B06A-1E3EA96DB3DF}.Release|x64.ActiveCfg = Release|x64
		{FE4387B7-31CA-4BA5-B06A-1E3EA96DB3DF}.Release|x64.Build.0 = Release|x64
		{FE4387B7-31CA-4BA5-B06A-1E3EA96DB3DF}.Release|x86.ActiveCfg = Release|Win32
		{FE4387B7-31CA-4BA5-B06A-1E3EA96DB3DF}.Release|x86.Build.0 = Release|Win32
		{5072C827-74DD-47D2-8881-B4DC736F2064}.Debug|Any CPU.ActiveCfg = Debug|x64
		{5072C827-74DD-47D2-8881-B4DC736F2064}.Debug|Any CPU.Build.0 = Debug|x64
		{5072C827-74DD-47D2-8881-B4DC736F2064}.Debug|x64.ActiveCfg = Debug|x64
		{5072C827-74DD-47D2-8881-B4DC736F2064}.Debug|x64.Build.0 = Debug|x64
		{5072C827-74DD-47D2-8881-B4DC736F2064}.Debug|x86.ActiveCfg = Debug|Win32
		{5072C827-74DD-47D2-8881-B4DC736F2064}.Debug|x86.Build.0 = Debug|Win32
		{5072C827-74DD-47D2-8881-B4DC736F2064}.Release|Any CPU.ActiveCfg = Release|x64
		{5072C827-74DD-47D2-8881-B4DC736F2064}.Release|Any CPU.Build.0 = Release|x64
		{5072C827-74DD-47D2-8881-B4DC736F2064}.Release|x64.ActiveCfg = Release|x64
		{5072C827-74DD-47D2-8881-B4DC736F2064}.Release|x64.Build.0 = Release|x64
		{5072C827-74DD-47D2-8881-B4DC736F2064}.Release|x86.ActiveCfg = Release|Win32
		{5072C827-74DD-47D2-8881-B4DC736F2064}.Release|x86.Build.0 = Release|Win32
		{376B39B3-7879-4D64-BA41-08267AD4D1EA}.Debug|Any CPU.ActiveCfg = Debug|x64
		{376B39B3-7879-4D64-BA41-08267AD4D1EA}.Debug|Any CPU.Build.0 = Debug|x64
		{376B39B3-7879-4D64-BA41-08267AD4D1EA}.Debug|x64.ActiveCfg = Debug|x64
		{376B39B3-7879-4D64-BA41-08267AD4D1EA}.Debug|x64.Build.0 = Debug|x64
		{376B39B3-7879-4D64-BA41-08267AD4D1EA}.Debug|x86.ActiveCfg = Debug|Win32
		{376B39B3-7879-4D64-BA41-08267AD4D1EA}.Debug|x86.Build.0 = Debug|Win32
		{376B39B3-7879-4D64-BA41-08267AD4D1EA}.Release|Any CPU.ActiveCfg = Release|x64
		{376B39B3-7879-4D64-BA41-08267AD4D1EA}.Release|Any CPU.Build.0 = Release|x64
		{376B39B3-7879-4D64-BA41-08267AD4D1EA}.Release|x64.ActiveCfg = Release|x64
		{376B39B3-7879-4D64-BA41-08267AD4D1EA}.Release|x64.Build.0 = Release|x64
		{376B39B3-7879-4D64-BA41-08267AD4D1EA}.Release|x86.ActiveCfg = Release|Win32
		{376B39B3-7879-4D64-BA41-08267AD4D1EA}.Release|x86.Build.0 = Release|Win32
		{9FAF887A-2871-4B29-8116-972F770EC9B0}.Debug|Any CPU.ActiveCfg = Debug|x64
		{9FAF887A-2871-4B29-8116-972F770EC9B0}.Debug|Any CPU.Build.0 = Debug|x64
		{9FAF887A-2871-4B29-8116-972F770EC9B0}.Debug|x64.ActiveCfg = Debug|x64
		{9FAF887A-2871-4B29-8116-972F770EC9B0}.Debug|x64.Build.0 = Debug|x64
		{9FAF887A-2871-4B29-8116-972F770EC9B0}.Debug|x86.ActiveCfg = Debug|Win32
		{9FAF887A-2871-4B29-8116-972F770EC9B0}.Debug|x86.Build.0 = Debug|Win32
		{9FAF887A-2871-4B29-8116-972F770EC9B0}.Release|Any CPU.ActiveCfg = Release|x64
		{9FAF887A-2871-4B29-8116-972F770EC9B0}.Release|Any CPU.Build.0 = Release|x64
		{9FAF887A-2871-4B29-8116-972F770EC9B0}.Release|x64.ActiveCfg = Release|x64
		{9FAF887A-2871-4B29-8116-972F770EC9B0}.Release|x64.Build.0 = Release|x64
		{9FAF887A-2871-4B29-8116-972F770EC9B0}.Release|x86.ActiveCfg = Release|Win32
		{9FAF887A-2871-4B29-8116-972F770EC9B0}.Release|x86.Build.0 = Release|Win32
	EndGlobalSection
	GlobalSection(SolutionProperties) = preSolution
		HideSolutionNode = FALSE
	EndGlobalSection
	GlobalSection(NestedProjects) = preSolution
		{1192E99A-56C6-47E9-AD23-2A575CB21C7C} = {B1CDF717-CE5C-4AF3-AF31-ABEACF47911F}
		{6620CFC8-3037-427A-96DB-FC220D2DC1E9} = {B1CDF717-CE5C-4AF3-AF31-ABEACF47911F}
		{67ED8F5F-62BC-4FA3-B6D1-00B5A29C9DA3} = {B1CDF717-CE5C-4AF3-AF31-ABEACF47911F}
		{59B82577-FE4E-4EFF-B54F-6F202D84A8C0} = {B1CDF717-CE5C-4AF3-AF31-ABEACF47911F}
		{538504F6-5F8E-4DE7-B5C8-DEBD8E285FB1} = {B1CDF717-CE5C-4AF3-AF31-ABEACF47911F}
		{F24791AA-7E1B-4BF8-A924-21889FD3A61B} = {B1CDF717-CE5C-4AF3-AF31-ABEACF47911F}
		{59AD52EA-9C04-4F3E-9128-1AF62E82EAD9} = {B1CDF717-CE5C-4AF3-AF31-ABEACF47911F}
		{BC6188B5-A382-4DDB-B0C9-4854905D7C7F} = {B1CDF717-CE5C-4AF3-AF31-ABEACF47911F}
		{110C5CB7-D375-4C12-9852-C2786DE1DBCA} = {B1CDF717-CE5C-4AF3-AF31-ABEACF47911F}
		{50B568D7-3CDA-4586-8BC8-8F4047C726E5} = {B1CDF717-CE5C-4AF3-AF31-ABEACF47911F}
		{00D1AD9C-F443-4FF1-B2BF-ACB805F39F7F} = {B1CDF717-CE5C-4AF3-AF31-ABEACF47911F}
		{E8C56374-D78D-4831-8929-2A10C46C2FE2} = {B1CDF717-CE5C-4AF3-AF31-ABEACF47911F}
		{65DD3952-3835-42D3-A6DE-91D811E64F57} = {E8C56374-D78D-4831-8929-2A10C46C2FE2}
		{59E7BC8E-7AC5-4393-AE49-4A4AF40ED1A5} = {E8C56374-D78D-4831-8929-2A10C46C2FE2}
		{D6B0330C-55EF-4EE1-B698-2A5177947E9B} = {E8C56374-D78D-4831-8929-2A10C46C2FE2}
		{928E5184-E97B-4893-9D1D-AD889D1A8E03} = {773D1BB9-7CFB-4118-BC83-F2E17B57442A}
		{8542304C-3B7C-4AE6-841C-7C8FF24FC4CA} = {773D1BB9-7CFB-4118-BC83-F2E17B57442A}
		{936873FC-184B-4C39-941D-7EE98F4859CB} = {773D1BB9-7CFB-4118-BC83-F2E17B57442A}
		{D58E2742-7EF6-4C79-AFB8-81DF05967DB7} = {773D1BB9-7CFB-4118-BC83-F2E17B57442A}
		{59FCEDE2-D849-4177-943F-76A36C7F0518} = {773D1BB9-7CFB-4118-BC83-F2E17B57442A}
		{95B37E2F-6894-4A1A-AA31-449F23B85CF8} = {773D1BB9-7CFB-4118-BC83-F2E17B57442A}
		{D2582DB2-6111-47EC-A6C5-1DEF3F35E19A} = {773D1BB9-7CFB-4118-BC83-F2E17B57442A}
		{A85AEA45-8265-4427-8C70-A3A04554F6B5} = {773D1BB9-7CFB-4118-BC83-F2E17B57442A}
		{5981A0F7-D86D-4EF4-83C0-CD4493ECECFE} = {773D1BB9-7CFB-4118-BC83-F2E17B57442A}
		{C8FDB2B8-8A25-4D24-B419-6608EAE8D34A} = {773D1BB9-7CFB-4118-BC83-F2E17B57442A}
		{1F6CCF61-8177-4E19-B5E4-1B1BF5EEDD86} = {773D1BB9-7CFB-4118-BC83-F2E17B57442A}
		{D007A348-0909-4F04-BA6D-57C5182F18FF} = {773D1BB9-7CFB-4118-BC83-F2E17B57442A}
		{3C61202D-9C89-4786-8D19-C8B2B33FC08F} = {D007A348-0909-4F04-BA6D-57C5182F18FF}
		{4B10ED55-DE99-4C9E-B32E-F81767D7F1D0} = {D007A348-0909-4F04-BA6D-57C5182F18FF}
		{5CADA47F-F11A-4118-8FD7-B8FB5A9379AB} = {4B10ED55-DE99-4C9E-B32E-F81767D7F1D0}
		{485D2C53-42F0-4CE1-81C8-C2F1715F12E4} = {3C61202D-9C89-4786-8D19-C8B2B33FC08F}
		{F7BEB9B0-EC1D-4846-8A29-D3938177108E} = {773D1BB9-7CFB-4118-BC83-F2E17B57442A}
		{FE4387B7-31CA-4BA5-B06A-1E3EA96DB3DF} = {773D1BB9-7CFB-4118-BC83-F2E17B57442A}
		{5072C827-74DD-47D2-8881-B4DC736F2064} = {773D1BB9-7CFB-4118-BC83-F2E17B57442A}
		{376B39B3-7879-4D64-BA41-08267AD4D1EA} = {773D1BB9-7CFB-4118-BC83-F2E17B57442A}
		{714EFA1C-1394-4066-9E90-670E3AB814F3} = {773D1BB9-7CFB-4118-BC83-F2E17B57442A}
		{9FAF887A-2871-4B29-8116-972F770EC9B0} = {714EFA1C-1394-4066-9E90-670E3AB814F3}
	EndGlobalSection
	GlobalSection(ExtensibilityGlobals) = postSolution
		SolutionGuid = {B7243D94-6637-4146-9404-D76D7F040089}
	EndGlobalSection
EndGlobal
